{
  "object": {
    "pins": [
      {
        "package": "Core",
        "repositoryURL": "https://github.com/vapor/core.git",
        "state": {
          "branch": null,
          "revision": "7f56a09995bf3c8df562be456bdcda405d9d0678",
          "version": "3.4.1"
        }
      },
      {
        "package": "Crypto",
        "repositoryURL": "https://github.com/vapor/crypto.git",
        "state": {
          "branch": null,
          "revision": "4b85405430df1892ee3aa1554bdb477e96cf46ad",
          "version": "3.2.0"
        }
      },
      {
        "package": "HTTP",
        "repositoryURL": "https://github.com/vapor/http.git",
        "state": {
          "branch": null,
          "revision": "8123ea00e9858b369cd168d0303d33e7d3804d19",
          "version": "3.0.7"
        }
      },
      {
        "package": "Jobs",
        "repositoryURL": "https://github.com/BrettRToomey/Jobs.git",
        "state": {
          "branch": null,
          "revision": "2051cc49b64692534225ea9d347051f64ac682ee",
          "version": "1.1.2"
        }
      },
      {
        "package": "ObjectMapper",
        "repositoryURL": "https://github.com/Hearst-DD/ObjectMapper.git",
        "state": {
          "branch": null,
          "revision": "7de160dbc8a9a03ad4c39167e63cc2b7361e4cc5",
          "version": "3.3.0"
        }
      },
      {
        "package": "COpenSSL",
        "repositoryURL": "https://github.com/PerfectlySoft/Perfect-COpenSSL.git",
        "state": {
          "branch": null,
          "revision": "7cc9341d0751b3d7e77927ad8c4e668e1c4dc1d1",
          "version": "3.1.4"
        }
      },
      {
        "package": "PerfectCrypto",
        "repositoryURL": "https://github.com/PerfectlySoft/Perfect-Crypto.git",
        "state": {
          "branch": null,
          "revision": "54e0f7c2a9d7355fca3c23e0f88096ac3765e08b",
          "version": "3.1.2"
        }
      },
      {
        "package": "PerfectCZlib",
        "repositoryURL": "https://github.com/PerfectlySoft/Perfect-CZlib-src.git",
        "state": {
          "branch": null,
          "revision": "b63e46909aad937c6434766f8f8c6720d8f3bd05",
          "version": "0.0.4"
        }
      },
      {
        "package": "PerfectHTTP",
        "repositoryURL": "https://github.com/PerfectlySoft/Perfect-HTTP.git",
        "state": {
          "branch": null,
          "revision": "1800d923271679170f9beef030566c7290a2d170",
          "version": "3.0.12"
        }
      },
      {
        "package": "PerfectHTTPServer",
        "repositoryURL": "https://github.com/PerfectlySoft/Perfect-HTTPServer.git",
        "state": {
          "branch": null,
          "revision": "50bd6f46fc8663c5e430391f4e1ebb078f15d00f",
          "version": "3.0.17"
        }
      },
      {
        "package": "PerfectNet",
        "repositoryURL": "https://github.com/PerfectlySoft/Perfect-Net.git",
        "state": {
          "branch": null,
          "revision": "32cf5846ce212bf6aa2cb9d27a9b4f230355c1f9",
          "version": "3.2.0"
        }
      },
      {
        "package": "PerfectThread",
        "repositoryURL": "https://github.com/PerfectlySoft/Perfect-Thread.git",
        "state": {
          "branch": null,
          "revision": "d783048201086dc2cdc08627041e5001157db7f3",
          "version": "3.0.4"
        }
      },
      {
        "package": "PerfectLib",
        "repositoryURL": "https://github.com/PerfectlySoft/PerfectLib.git",
        "state": {
          "branch": null,
          "revision": "cdc17d544ec8e87da5f3b24cdbda8d02d77bb943",
          "version": "3.1.1"
        }
      },
      {
        "package": "swift-nio",
        "repositoryURL": "https://github.com/apple/swift-nio.git",
        "state": {
          "branch": null,
          "revision": "695afc5205aaa49fca092b94b479ff71c43d9d3c",
          "version": "1.8.0"
        }
      },
      {
        "package": "swift-nio-ssl",
        "repositoryURL": "https://github.com/apple/swift-nio-ssl.git",
        "state": {
          "branch": null,
          "revision": "0adc938bc8de3d3829b842f9767d81c7480b8403",
          "version": "1.1.1"
        }
      },
      {
        "package": "swift-nio-ssl-support",
        "repositoryURL": "https://github.com/apple/swift-nio-ssl-support.git",
        "state": {
          "branch": null,
          "revision": "c02eec4e0e6d351cd092938cf44195a8e669f555",
          "version": "1.0.0"
        }
      },
      {
        "package": "swift-nio-zlib-support",
        "repositoryURL": "https://github.com/apple/swift-nio-zlib-support.git",
        "state": {
          "branch": null,
          "revision": "37760e9a52030bb9011972c5213c3350fa9d41fd",
          "version": "1.0.0"
        }
      },
      {
        "package": "WebSocket",
        "repositoryURL": "https://github.com/vapor/websocket.git",
        "state": {
          "branch": null,
          "revision": "141cb4d3814dc8062cb0b2f43e72801b5dfcf272",
          "version": "1.0.1"
        }
      }
    ]
  },
  "version": 1
}
